{
  "name": "clinfer-node-example",
  "lockfileVersion": 3,
  "requires": true,
  "packages": {
    "": {
      "name": "clinfer-node-example",
      "dependencies": {
        "clinfer": "^0.9.4"
      }
    },
    "node_modules/clinfer": {
      "version": "0.9.4",
      "resolved": "https://registry.npmjs.org/clinfer/-/clinfer-0.9.4.tgz",
      "integrity": "sha512-TDBYw+A16lRm/hXG+lO7m41uDXxBAMvuOyqTkTlrVEO9XytY9OlSEu7plwbk2B53GDI6VxrkBDzRoNcFWb44uA=="
    }
  }
}
